// !$*UTF8*$!
{
	archiveVersion = 1;
	classes = {
	};
	objectVersion = 77;
	objects = {

/* Begin PBXBuildFile section */
		49F184C21A61B7B34A1BD021 /* Pods_DayTrackTests.framework in Frameworks */ = {isa = PBXBuildFile; fileRef = 855CC7C4D913D35480E9EDB2 /* Pods_DayTrackTests.framework */; };
		4F9569E9EB542C33EF7DA3AE /* Pods_DayTrack.framework in Frameworks */ = {isa = PBXBuildFile; fileRef = 9A189C3E393884653166A1BB /* Pods_DayTrack.framework */; };
		A229F0802D15890C00302C65 /* CalendarKit in Frameworks */ = {isa = PBXBuildFile; productRef = A229F07F2D15890C00302C65 /* CalendarKit */; };
		FEF7C46B5AAA5CB69BEC8ED3 /* Pods_DayTrack_DayTrackUITests.framework in Frameworks */ = {isa = PBXBuildFile; fileRef = 07D62A80EB5E501DBC0E3B59 /* Pods_DayTrack_DayTrackUITests.framework */; };
/* End PBXBuildFile section */

/* Begin PBXContainerItemProxy section */
		A276420B2D10A34B00839B5A /* PBXContainerItemProxy */ = {
			isa = PBXContainerItemProxy;
			containerPortal = A27641EC2D10A34900839B5A /* Project object */;
			proxyType = 1;
			remoteGlobalIDString = A27641F32D10A34900839B5A;
			remoteInfo = DayTrack;
		};
		A27642152D10A34B00839B5A /* PBXContainerItemProxy */ = {
			isa = PBXContainerItemProxy;
			containerPortal = A27641EC2D10A34900839B5A /* Project object */;
			proxyType = 1;
			remoteGlobalIDString = A27641F32D10A34900839B5A;
			remoteInfo = DayTrack;
		};
/* End PBXContainerItemProxy section */

/* Begin PBXFileReference section */
		07D62A80EB5E501DBC0E3B59 /* Pods_DayTrack_DayTrackUITests.framework */ = {isa = PBXFileReference; explicitFileType = wrapper.framework; includeInIndex = 0; path = Pods_DayTrack_DayTrackUITests.framework; sourceTree = BUILT_PRODUCTS_DIR; };
		1CCF103E36DFFAC3F8EFC533 /* Pods-DayTrack.release.xcconfig */ = {isa = PBXFileReference; includeInIndex = 1; lastKnownFileType = text.xcconfig; name = "Pods-DayTrack.release.xcconfig"; path = "Target Support Files/Pods-DayTrack/Pods-DayTrack.release.xcconfig"; sourceTree = "<group>"; };
		855CC7C4D913D35480E9EDB2 /* Pods_DayTrackTests.framework */ = {isa = PBXFileReference; explicitFileType = wrapper.framework; includeInIndex = 0; path = Pods_DayTrackTests.framework; sourceTree = BUILT_PRODUCTS_DIR; };
		8B0F8482B8EACEB75E9DBE3E /* Pods-DayTrackTests.release.xcconfig */ = {isa = PBXFileReference; includeInIndex = 1; lastKnownFileType = text.xcconfig; name = "Pods-DayTrackTests.release.xcconfig"; path = "Target Support Files/Pods-DayTrackTests/Pods-DayTrackTests.release.xcconfig"; sourceTree = "<group>"; };
		9A189C3E393884653166A1BB /* Pods_DayTrack.framework */ = {isa = PBXFileReference; explicitFileType = wrapper.framework; includeInIndex = 0; path = Pods_DayTrack.framework; sourceTree = BUILT_PRODUCTS_DIR; };
		A27641F42D10A34900839B5A /* DayTrack.app */ = {isa = PBXFileReference; explicitFileType = wrapper.application; includeInIndex = 0; path = DayTrack.app; sourceTree = BUILT_PRODUCTS_DIR; };
		A276420A2D10A34B00839B5A /* DayTrackTests.xctest */ = {isa = PBXFileReference; explicitFileType = wrapper.cfbundle; includeInIndex = 0; path = DayTrackTests.xctest; sourceTree = BUILT_PRODUCTS_DIR; };
		A27642142D10A34B00839B5A /* DayTrackUITests.xctest */ = {isa = PBXFileReference; explicitFileType = wrapper.cfbundle; includeInIndex = 0; path = DayTrackUITests.xctest; sourceTree = BUILT_PRODUCTS_DIR; };
		ABB29182B97BE649FDA6082F /* Pods-DayTrack-DayTrackUITests.debug.xcconfig */ = {isa = PBXFileReference; includeInIndex = 1; lastKnownFileType = text.xcconfig; name = "Pods-DayTrack-DayTrackUITests.debug.xcconfig"; path = "Target Support Files/Pods-DayTrack-DayTrackUITests/Pods-DayTrack-DayTrackUITests.debug.xcconfig"; sourceTree = "<group>"; };
		CE22C8D33D2BDC92298B8915 /* Pods-DayTrack-DayTrackUITests.release.xcconfig */ = {isa = PBXFileReference; includeInIndex = 1; lastKnownFileType = text.xcconfig; name = "Pods-DayTrack-DayTrackUITests.release.xcconfig"; path = "Target Support Files/Pods-DayTrack-DayTrackUITests/Pods-DayTrack-DayTrackUITests.release.xcconfig"; sourceTree = "<group>"; };
		EFDBCC074C1DF431DF2D58C7 /* Pods-DayTrackTests.debug.xcconfig */ = {isa = PBXFileReference; includeInIndex = 1; lastKnownFileType = text.xcconfig; name = "Pods-DayTrackTests.debug.xcconfig"; path = "Target Support Files/Pods-DayTrackTests/Pods-DayTrackTests.debug.xcconfig"; sourceTree = "<group>"; };
		FB2BDF9676C650278A1A656E /* Pods-DayTrack.debug.xcconfig */ = {isa = PBXFileReference; includeInIndex = 1; lastKnownFileType = text.xcconfig; name = "Pods-DayTrack.debug.xcconfig"; path = "Target Support Files/Pods-DayTrack/Pods-DayTrack.debug.xcconfig"; sourceTree = "<group>"; };
/* End PBXFileReference section */

/* Begin PBXFileSystemSynchronizedBuildFileExceptionSet section */
		A26E49962D149D48009F372F /* Exceptions for "DayTrack" folder in "DayTrack" target */ = {
			isa = PBXFileSystemSynchronizedBuildFileExceptionSet;
			membershipExceptions = (
				App/Info.plist,
			);
			target = A27641F32D10A34900839B5A /* DayTrack */;
		};
/* End PBXFileSystemSynchronizedBuildFileExceptionSet section */

/* Begin PBXFileSystemSynchronizedRootGroup section */
		A27641F62D10A34900839B5A /* DayTrack */ = {
			isa = PBXFileSystemSynchronizedRootGroup;
			exceptions = (
				A26E49962D149D48009F372F /* Exceptions for "DayTrack" folder in "DayTrack" target */,
			);
			path = DayTrack;
			sourceTree = "<group>";
		};
		A276420D2D10A34B00839B5A /* DayTrackTests */ = {
			isa = PBXFileSystemSynchronizedRootGroup;
			exceptions = (
			);
			path = DayTrackTests;
			sourceTree = "<group>";
		};
		A27642172D10A34B00839B5A /* DayTrackUITests */ = {
			isa = PBXFileSystemSynchronizedRootGroup;
			exceptions = (
			);
			path = DayTrackUITests;
			sourceTree = "<group>";
		};
/* End PBXFileSystemSynchronizedRootGroup section */

/* Begin PBXFrameworksBuildPhase section */
		A27641F12D10A34900839B5A /* Frameworks */ = {
			isa = PBXFrameworksBuildPhase;
			buildActionMask = 2147483647;
			files = (
				A229F0802D15890C00302C65 /* CalendarKit in Frameworks */,
				4F9569E9EB542C33EF7DA3AE /* Pods_DayTrack.framework in Frameworks */,
			);
			runOnlyForDeploymentPostprocessing = 0;
		};
		A27642072D10A34B00839B5A /* Frameworks */ = {
			isa = PBXFrameworksBuildPhase;
			buildActionMask = 2147483647;
			files = (
				49F184C21A61B7B34A1BD021 /* Pods_DayTrackTests.framework in Frameworks */,
			);
			runOnlyForDeploymentPostprocessing = 0;
		};
		A27642112D10A34B00839B5A /* Frameworks */ = {
			isa = PBXFrameworksBuildPhase;
			buildActionMask = 2147483647;
			files = (
				FEF7C46B5AAA5CB69BEC8ED3 /* Pods_DayTrack_DayTrackUITests.framework in Frameworks */,
			);
			runOnlyForDeploymentPostprocessing = 0;
		};
/* End PBXFrameworksBuildPhase section */

/* Begin PBXGroup section */
		5F6CA59C555BBC986EB2770B /* Pods */ = {
			isa = PBXGroup;
			children = (
				FB2BDF9676C650278A1A656E /* Pods-DayTrack.debug.xcconfig */,
				1CCF103E36DFFAC3F8EFC533 /* Pods-DayTrack.release.xcconfig */,
				ABB29182B97BE649FDA6082F /* Pods-DayTrack-DayTrackUITests.debug.xcconfig */,
				CE22C8D33D2BDC92298B8915 /* Pods-DayTrack-DayTrackUITests.release.xcconfig */,
				EFDBCC074C1DF431DF2D58C7 /* Pods-DayTrackTests.debug.xcconfig */,
				8B0F8482B8EACEB75E9DBE3E /* Pods-DayTrackTests.release.xcconfig */,
			);
			name = Pods;
			path = Pods;
			sourceTree = "<group>";
		};
		A27641EB2D10A34900839B5A = {
			isa = PBXGroup;
			children = (
				A27641F62D10A34900839B5A /* DayTrack */,
				A276420D2D10A34B00839B5A /* DayTrackTests */,
				A27642172D10A34B00839B5A /* DayTrackUITests */,
				A27641F52D10A34900839B5A /* Products */,
				5F6CA59C555BBC986EB2770B /* Pods */,
				B72FE833E14A914B8406C2D2 /* Frameworks */,
			);
			sourceTree = "<group>";
		};
		A27641F52D10A34900839B5A /* Products */ = {
			isa = PBXGroup;
			children = (
				A27641F42D10A34900839B5A /* DayTrack.app */,
				A276420A2D10A34B00839B5A /* DayTrackTests.xctest */,
				A27642142D10A34B00839B5A /* DayTrackUITests.xctest */,
			);
			name = Products;
			sourceTree = "<group>";
		};
		B72FE833E14A914B8406C2D2 /* Frameworks */ = {
			isa = PBXGroup;
			children = (
				9A189C3E393884653166A1BB /* Pods_DayTrack.framework */,
				07D62A80EB5E501DBC0E3B59 /* Pods_DayTrack_DayTrackUITests.framework */,
				855CC7C4D913D35480E9EDB2 /* Pods_DayTrackTests.framework */,
			);
			name = Frameworks;
			sourceTree = "<group>";
		};
/* End PBXGroup section */

/* Begin PBXNativeTarget section */
		A27641F32D10A34900839B5A /* DayTrack */ = {
			isa = PBXNativeTarget;
			buildConfigurationList = A276421D2D10A34B00839B5A /* Build configuration list for PBXNativeTarget "DayTrack" */;
			buildPhases = (
				759731590053E7B4E99C3A35 /* [CP] Check Pods Manifest.lock */,
				A27641F02D10A34900839B5A /* Sources */,
				A27641F12D10A34900839B5A /* Frameworks */,
				A27641F22D10A34900839B5A /* Resources */,
				99731E44FF191537D5D89060 /* [CP] Embed Pods Frameworks */,
			);
			buildRules = (
			);
			dependencies = (
			);
			fileSystemSynchronizedGroups = (
				A27641F62D10A34900839B5A /* DayTrack */,
			);
			name = DayTrack;
			packageProductDependencies = (
				A229F07F2D15890C00302C65 /* CalendarKit */,
			);
			productName = DayTrack;
			productReference = A27641F42D10A34900839B5A /* DayTrack.app */;
			productType = "com.apple.product-type.application";
		};
		A27642092D10A34B00839B5A /* DayTrackTests */ = {
			isa = PBXNativeTarget;
			buildConfigurationList = A27642222D10A34B00839B5A /* Build configuration list for PBXNativeTarget "DayTrackTests" */;
			buildPhases = (
				48456E7A54C4DA48D0918586 /* [CP] Check Pods Manifest.lock */,
				A27642062D10A34B00839B5A /* Sources */,
				A27642072D10A34B00839B5A /* Frameworks */,
				A27642082D10A34B00839B5A /* Resources */,
			);
			buildRules = (
			);
			dependencies = (
				A276420C2D10A34B00839B5A /* PBXTargetDependency */,
			);
			fileSystemSynchronizedGroups = (
				A276420D2D10A34B00839B5A /* DayTrackTests */,
			);
			name = DayTrackTests;
			productName = DayTrackTests;
			productReference = A276420A2D10A34B00839B5A /* DayTrackTests.xctest */;
			productType = "com.apple.product-type.bundle.unit-test";
		};
		A27642132D10A34B00839B5A /* DayTrackUITests */ = {
			isa = PBXNativeTarget;
			buildConfigurationList = A27642252D10A34B00839B5A /* Build configuration list for PBXNativeTarget "DayTrackUITests" */;
			buildPhases = (
				7FBC8E148A9137C4ED11383B /* [CP] Check Pods Manifest.lock */,
				A27642102D10A34B00839B5A /* Sources */,
				A27642112D10A34B00839B5A /* Frameworks */,
				A27642122D10A34B00839B5A /* Resources */,
				269899406F5A1D4E5C057A8C /* [CP] Embed Pods Frameworks */,
			);
			buildRules = (
			);
			dependencies = (
				A27642162D10A34B00839B5A /* PBXTargetDependency */,
			);
			fileSystemSynchronizedGroups = (
				A27642172D10A34B00839B5A /* DayTrackUITests */,
			);
			name = DayTrackUITests;
			productName = DayTrackUITests;
			productReference = A27642142D10A34B00839B5A /* DayTrackUITests.xctest */;
			productType = "com.apple.product-type.bundle.ui-testing";
		};
/* End PBXNativeTarget section */

/* Begin PBXProject section */
		A27641EC2D10A34900839B5A /* Project object */ = {
			isa = PBXProject;
			attributes = {
				BuildIndependentTargetsInParallel = 1;
				LastSwiftUpdateCheck = 1620;
				LastUpgradeCheck = 1620;
				TargetAttributes = {
					A27641F32D10A34900839B5A = {
						CreatedOnToolsVersion = 16.2;
					};
					A27642092D10A34B00839B5A = {
						CreatedOnToolsVersion = 16.2;
						TestTargetID = A27641F32D10A34900839B5A;
					};
					A27642132D10A34B00839B5A = {
						CreatedOnToolsVersion = 16.2;
						TestTargetID = A27641F32D10A34900839B5A;
					};
				};
			};
			buildConfigurationList = A27641EF2D10A34900839B5A /* Build configuration list for PBXProject "DayTrack" */;
			developmentRegion = en;
			hasScannedForEncodings = 0;
			knownRegions = (
				en,
				Base,
			);
			mainGroup = A27641EB2D10A34900839B5A;
			minimizedProjectReferenceProxies = 1;
			packageReferences = (
				A229F07E2D15880700302C65 /* XCRemoteSwiftPackageReference "CalendarKit" */,
			);
			preferredProjectObjectVersion = 77;
			productRefGroup = A27641F52D10A34900839B5A /* Products */;
			projectDirPath = "";
			projectRoot = "";
			targets = (
				A27641F32D10A34900839B5A /* DayTrack */,
				A27642092D10A34B00839B5A /* DayTrackTests */,
				A27642132D10A34B00839B5A /* DayTrackUITests */,
			);
		};
/* End PBXProject section */

/* Begin PBXResourcesBuildPhase section */
		A27641F22D10A34900839B5A /* Resources */ = {
			isa = PBXResourcesBuildPhase;
			buildActionMask = 2147483647;
			files = (
			);
			runOnlyForDeploymentPostprocessing = 0;
		};
		A27642082D10A34B00839B5A /* Resources */ = {
			isa = PBXResourcesBuildPhase;
			buildActionMask = 2147483647;
			files = (
			);
			runOnlyForDeploymentPostprocessing = 0;
		};
		A27642122D10A34B00839B5A /* Resources */ = {
			isa = PBXResourcesBuildPhase;
			buildActionMask = 2147483647;
			files = (
			);
			runOnlyForDeploymentPostprocessing = 0;
		};
/* End PBXResourcesBuildPhase section */

/* Begin PBXShellScriptBuildPhase section */
		269899406F5A1D4E5C057A8C /* [CP] Embed Pods Frameworks */ = {
			isa = PBXShellScriptBuildPhase;
			buildActionMask = 2147483647;
			files = (
			);
			inputFileListPaths = (
				"${PODS_ROOT}/Target Support Files/Pods-DayTrack-DayTrackUITests/Pods-DayTrack-DayTrackUITests-frameworks-${CONFIGURATION}-input-files.xcfilelist",
			);
			name = "[CP] Embed Pods Frameworks";
			outputFileListPaths = (
				"${PODS_ROOT}/Target Support Files/Pods-DayTrack-DayTrackUITests/Pods-DayTrack-DayTrackUITests-frameworks-${CONFIGURATION}-output-files.xcfilelist",
			);
			runOnlyForDeploymentPostprocessing = 0;
			shellPath = /bin/sh;
			shellScript = "\"${PODS_ROOT}/Target Support Files/Pods-DayTrack-DayTrackUITests/Pods-DayTrack-DayTrackUITests-frameworks.sh\"\n";
			showEnvVarsInLog = 0;
		};
		48456E7A54C4DA48D0918586 /* [CP] Check Pods Manifest.lock */ = {
			isa = PBXShellScriptBuildPhase;
			buildActionMask = 2147483647;
			files = (
			);
			inputFileListPaths = (
			);
			inputPaths = (
				"${PODS_PODFILE_DIR_PATH}/Podfile.lock",
				"${PODS_ROOT}/Manifest.lock",
			);
			name = "[CP] Check Pods Manifest.lock";
			outputFileListPaths = (
			);
			outputPaths = (
				"$(DERIVED_FILE_DIR)/Pods-DayTrackTests-checkManifestLockResult.txt",
			);
			runOnlyForDeploymentPostprocessing = 0;
			shellPath = /bin/sh;
			shellScript = "diff \"${PODS_PODFILE_DIR_PATH}/Podfile.lock\" \"${PODS_ROOT}/Manifest.lock\" > /dev/null\nif [ $? != 0 ] ; then\n    # print error to STDERR\n    echo \"error: The sandbox is not in sync with the Podfile.lock. Run 'pod install' or update your CocoaPods installation.\" >&2\n    exit 1\nfi\n# This output is used by Xcode 'outputs' to avoid re-running this script phase.\necho \"SUCCESS\" > \"${SCRIPT_OUTPUT_FILE_0}\"\n";
			showEnvVarsInLog = 0;
		};
		759731590053E7B4E99C3A35 /* [CP] Check Pods Manifest.lock */ = {
			isa = PBXShellScriptBuildPhase;
			buildActionMask = 2147483647;
			files = (
			);
			inputFileListPaths = (
			);
			inputPaths = (
				"${PODS_PODFILE_DIR_PATH}/Podfile.lock",
				"${PODS_ROOT}/Manifest.lock",
			);
			name = "[CP] Check Pods Manifest.lock";
			outputFileListPaths = (
			);
			outputPaths = (
				"$(DERIVED_FILE_DIR)/Pods-DayTrack-checkManifestLockResult.txt",
			);
			runOnlyForDeploymentPostprocessing = 0;
			shellPath = /bin/sh;
			shellScript = "diff \"${PODS_PODFILE_DIR_PATH}/Podfile.lock\" \"${PODS_ROOT}/Manifest.lock\" > /dev/null\nif [ $? != 0 ] ; then\n    # print error to STDERR\n    echo \"error: The sandbox is not in sync with the Podfile.lock. Run 'pod install' or update your CocoaPods installation.\" >&2\n    exit 1\nfi\n# This output is used by Xcode 'outputs' to avoid re-running this script phase.\necho \"SUCCESS\" > \"${SCRIPT_OUTPUT_FILE_0}\"\n";
			showEnvVarsInLog = 0;
		};
		7FBC8E148A9137C4ED11383B /* [CP] Check Pods Manifest.lock */ = {
			isa = PBXShellScriptBuildPhase;
			buildActionMask = 2147483647;
			files = (
			);
			inputFileListPaths = (
			);
			inputPaths = (
				"${PODS_PODFILE_DIR_PATH}/Podfile.lock",
				"${PODS_ROOT}/Manifest.lock",
			);
			name = "[CP] Check Pods Manifest.lock";
			outputFileListPaths = (
			);
			outputPaths = (
				"$(DERIVED_FILE_DIR)/Pods-DayTrack-DayTrackUITests-checkManifestLockResult.txt",
			);
			runOnlyForDeploymentPostprocessing = 0;
			shellPath = /bin/sh;
			shellScript = "diff \"${PODS_PODFILE_DIR_PATH}/Podfile.lock\" \"${PODS_ROOT}/Manifest.lock\" > /dev/null\nif [ $? != 0 ] ; then\n    # print error to STDERR\n    echo \"error: The sandbox is not in sync with the Podfile.lock. Run 'pod install' or update your CocoaPods installation.\" >&2\n    exit 1\nfi\n# This output is used by Xcode 'outputs' to avoid re-running this script phase.\necho \"SUCCESS\" > \"${SCRIPT_OUTPUT_FILE_0}\"\n";
			showEnvVarsInLog = 0;
		};
		99731E44FF191537D5D89060 /* [CP] Embed Pods Frameworks */ = {
			isa = PBXShellScriptBuildPhase;
			buildActionMask = 2147483647;
			files = (
			);
			inputFileListPaths = (
				"${PODS_ROOT}/Target Support Files/Pods-DayTrack/Pods-DayTrack-frameworks-${CONFIGURATION}-input-files.xcfilelist",
			);
			name = "[CP] Embed Pods Frameworks";
			outputFileListPaths = (
				"${PODS_ROOT}/Target Support Files/Pods-DayTrack/Pods-DayTrack-frameworks-${CONFIGURATION}-output-files.xcfilelist",
			);
			runOnlyForDeploymentPostprocessing = 0;
			shellPath = /bin/sh;
			shellScript = "\"${PODS_ROOT}/Target Support Files/Pods-DayTrack/Pods-DayTrack-frameworks.sh\"\n";
			showEnvVarsInLog = 0;
		};
/* End PBXShellScriptBuildPhase section */

/* Begin PBXSourcesBuildPhase section */
		A27641F02D10A34900839B5A /* Sources */ = {
			isa = PBXSourcesBuildPhase;
			buildActionMask = 2147483647;
			files = (
			);
			runOnlyForDeploymentPostprocessing = 0;
		};
		A27642062D10A34B00839B5A /* Sources */ = {
			isa = PBXSourcesBuildPhase;
			buildActionMask = 2147483647;
			files = (
			);
			runOnlyForDeploymentPostprocessing = 0;
		};
		A27642102D10A34B00839B5A /* Sources */ = {
			isa = PBXSourcesBuildPhase;
			buildActionMask = 2147483647;
			files = (
			);
			runOnlyForDeploymentPostprocessing = 0;
		};
/* End PBXSourcesBuildPhase section */

/* Begin PBXTargetDependency section */
		A276420C2D10A34B00839B5A /* PBXTargetDependency */ = {
			isa = PBXTargetDependency;
			target = A27641F32D10A34900839B5A /* DayTrack */;
			targetProxy = A276420B2D10A34B00839B5A /* PBXContainerItemProxy */;
		};
		A27642162D10A34B00839B5A /* PBXTargetDependency */ = {
			isa = PBXTargetDependency;
			target = A27641F32D10A34900839B5A /* DayTrack */;
			targetProxy = A27642152D10A34B00839B5A /* PBXContainerItemProxy */;
		};
/* End PBXTargetDependency section */

/* Begin XCBuildConfiguration section */
		A276421E2D10A34B00839B5A /* Debug */ = {
			isa = XCBuildConfiguration;
			baseConfigurationReference = FB2BDF9676C650278A1A656E /* Pods-DayTrack.debug.xcconfig */;
			buildSettings = {
				ASSETCATALOG_COMPILER_APPICON_NAME = AppIcon;
				ASSETCATALOG_COMPILER_GLOBAL_ACCENT_COLOR_NAME = AccentColor;
				CODE_SIGN_STYLE = Automatic;
				CURRENT_PROJECT_VERSION = 1;
				DEVELOPMENT_TEAM = A32VY273J6;
				GENERATE_INFOPLIST_FILE = YES;
				INFOPLIST_FILE = DayTrack/App/Info.plist;
				INFOPLIST_KEY_NSCalendarsUsageDescription = "The app needs access to the calendar to display events";
				INFOPLIST_KEY_UIApplicationSupportsIndirectInputEvents = YES;
				INFOPLIST_KEY_UILaunchStoryboardName = LaunchScreen;
				INFOPLIST_KEY_UISupportedInterfaceOrientations_iPad = "UIInterfaceOrientationPortrait UIInterfaceOrientationPortraitUpsideDown UIInterfaceOrientationLandscapeLeft UIInterfaceOrientationLandscapeRight";
				INFOPLIST_KEY_UISupportedInterfaceOrientations_iPhone = "UIInterfaceOrientationPortrait UIInterfaceOrientationLandscapeLeft UIInterfaceOrientationLandscapeRight";
				IPHONEOS_DEPLOYMENT_TARGET = 12.0;
				LD_RUNPATH_SEARCH_PATHS = (
					"$(inherited)",
					"@executable_path/Frameworks",
				);
				MARKETING_VERSION = 1.0;
				PRODUCT_BUNDLE_IDENTIFIER = com.markraitman.DayTrack;
				PRODUCT_NAME = "$(TARGET_NAME)";
				SUPPORTED_PLATFORMS = "iphoneos iphonesimulator";
				SUPPORTS_MACCATALYST = NO;
				SUPPORTS_MAC_DESIGNED_FOR_IPHONE_IPAD = NO;
				SUPPORTS_XR_DESIGNED_FOR_IPHONE_IPAD = NO;
				SWIFT_EMIT_LOC_STRINGS = YES;
				SWIFT_VERSION = 5.0;
				TARGETED_DEVICE_FAMILY = 1;
			};
			name = Debug;
		};
		A276421F2D10A34B00839B5A /* Release */ = {
			isa = XCBuildConfiguration;
			baseConfigurationReference = 1CCF103E36DFFAC3F8EFC533 /* Pods-DayTrack.release.xcconfig */;
			buildSettings = {
				ASSETCATALOG_COMPILER_APPICON_NAME = AppIcon;
				ASSETCATALOG_COMPILER_GLOBAL_ACCENT_COLOR_NAME = AccentColor;
				CODE_SIGN_STYLE = Automatic;
				CURRENT_PROJECT_VERSION = 1;
				DEVELOPMENT_TEAM = A32VY273J6;
				GENERATE_INFOPLIST_FILE = YES;
				INFOPLIST_FILE = DayTrack/App/Info.plist;
				INFOPLIST_KEY_NSCalendarsUsageDescription = "The app needs access to the calendar to display events";
				INFOPLIST_KEY_UIApplicationSupportsIndirectInputEvents = YES;
				INFOPLIST_KEY_UILaunchStoryboardName = LaunchScreen;
				INFOPLIST_KEY_UISupportedInterfaceOrientations_iPad = "UIInterfaceOrientationPortrait UIInterfaceOrientationPortraitUpsideDown UIInterfaceOrientationLandscapeLeft UIInterfaceOrientationLandscapeRight";
				INFOPLIST_KEY_UISupportedInterfaceOrientations_iPhone = "UIInterfaceOrientationPortrait UIInterfaceOrientationLandscapeLeft UIInterfaceOrientationLandscapeRight";
				IPHONEOS_DEPLOYMENT_TARGET = 12.0;
				LD_RUNPATH_SEARCH_PATHS = (
					"$(inherited)",
					"@executable_path/Frameworks",
				);
				MARKETING_VERSION = 1.0;
				PRODUCT_BUNDLE_IDENTIFIER = com.markraitman.DayTrack;
				PRODUCT_NAME = "$(TARGET_NAME)";
				SUPPORTED_PLATFORMS = "iphoneos iphonesimulator";
				SUPPORTS_MACCATALYST = NO;
				SUPPORTS_MAC_DESIGNED_FOR_IPHONE_IPAD = NO;
				SUPPORTS_XR_DESIGNED_FOR_IPHONE_IPAD = NO;
				SWIFT_EMIT_LOC_STRINGS = YES;
				SWIFT_VERSION = 5.0;
				TARGETED_DEVICE_FAMILY = 1;
			};
			name = Release;
		};
		A27642202D10A34B00839B5A /* Debug */ = {
			isa = XCBuildConfiguration;
			buildSettings = {
				ALWAYS_SEARCH_USER_PATHS = NO;
				ASSETCATALOG_COMPILER_GENERATE_SWIFT_ASSET_SYMBOL_EXTENSIONS = YES;
				CLANG_ANALYZER_NONNULL = YES;
				CLANG_ANALYZER_NUMBER_OBJECT_CONVERSION = YES_AGGRESSIVE;
				CLANG_CXX_LANGUAGE_STANDARD = "gnu++20";
				CLANG_ENABLE_MODULES = YES;
				CLANG_ENABLE_OBJC_ARC = YES;
				CLANG_ENABLE_OBJC_WEAK = YES;
				CLANG_WARN_BLOCK_CAPTURE_AUTORELEASING = YES;
				CLANG_WARN_BOOL_CONVERSION = YES;
				CLANG_WARN_COMMA = YES;
				CLANG_WARN_CONSTANT_CONVERSION = YES;
				CLANG_WARN_DEPRECATED_OBJC_IMPLEMENTATIONS = YES;
				CLANG_WARN_DIRECT_OBJC_ISA_USAGE = YES_ERROR;
				CLANG_WARN_DOCUMENTATION_COMMENTS = YES;
				CLANG_WARN_EMPTY_BODY = YES;
				CLANG_WARN_ENUM_CONVERSION = YES;
				CLANG_WARN_INFINITE_RECURSION = YES;
				CLANG_WARN_INT_CONVERSION = YES;
				CLANG_WARN_NON_LITERAL_NULL_CONVERSION = YES;
				CLANG_WARN_OBJC_IMPLICIT_RETAIN_SELF = YES;
				CLANG_WARN_OBJC_LITERAL_CONVERSION = YES;
				CLANG_WARN_OBJC_ROOT_CLASS = YES_ERROR;
				CLANG_WARN_QUOTED_INCLUDE_IN_FRAMEWORK_HEADER = YES;
				CLANG_WARN_RANGE_LOOP_ANALYSIS = YES;
				CLANG_WARN_STRICT_PROTOTYPES = YES;
				CLANG_WARN_SUSPICIOUS_MOVE = YES;
				CLANG_WARN_UNGUARDED_AVAILABILITY = YES_AGGRESSIVE;
				CLANG_WARN_UNREACHABLE_CODE = YES;
				CLANG_WARN__DUPLICATE_METHOD_MATCH = YES;
				COPY_PHASE_STRIP = NO;
				DEBUG_INFORMATION_FORMAT = dwarf;
				ENABLE_STRICT_OBJC_MSGSEND = YES;
				ENABLE_TESTABILITY = YES;
				ENABLE_USER_SCRIPT_SANDBOXING = YES;
				GCC_C_LANGUAGE_STANDARD = gnu17;
				GCC_DYNAMIC_NO_PIC = NO;
				GCC_NO_COMMON_BLOCKS = YES;
				GCC_OPTIMIZATION_LEVEL = 0;
				GCC_PREPROCESSOR_DEFINITIONS = (
					"DEBUG=1",
					"$(inherited)",
				);
				GCC_WARN_64_TO_32_BIT_CONVERSION = YES;
				GCC_WARN_ABOUT_RETURN_TYPE = YES_ERROR;
				GCC_WARN_UNDECLARED_SELECTOR = YES;
				GCC_WARN_UNINITIALIZED_AUTOS = YES_AGGRESSIVE;
				GCC_WARN_UNUSED_FUNCTION = YES;
				GCC_WARN_UNUSED_VARIABLE = YES;
				IPHONEOS_DEPLOYMENT_TARGET = 18.2;
				LOCALIZATION_PREFERS_STRING_CATALOGS = YES;
				MTL_ENABLE_DEBUG_INFO = INCLUDE_SOURCE;
				MTL_FAST_MATH = YES;
				ONLY_ACTIVE_ARCH = YES;
				SDKROOT = iphoneos;
				SWIFT_ACTIVE_COMPILATION_CONDITIONS = "DEBUG $(inherited)";
				SWIFT_OPTIMIZATION_LEVEL = "-Onone";
			};
			name = Debug;
		};
		A27642212D10A34B00839B5A /* Release */ = {
			isa = XCBuildConfiguration;
			buildSettings = {
				ALWAYS_SEARCH_USER_PATHS = NO;
				ASSETCATALOG_COMPILER_GENERATE_SWIFT_ASSET_SYMBOL_EXTENSIONS = YES;
				CLANG_ANALYZER_NONNULL = YES;
				CLANG_ANALYZER_NUMBER_OBJECT_CONVERSION = YES_AGGRESSIVE;
				CLANG_CXX_LANGUAGE_STANDARD = "gnu++20";
				CLANG_ENABLE_MODULES = YES;
				CLANG_ENABLE_OBJC_ARC = YES;
				CLANG_ENABLE_OBJC_WEAK = YES;
				CLANG_WARN_BLOCK_CAPTURE_AUTORELEASING = YES;
				CLANG_WARN_BOOL_CONVERSION = YES;
				CLANG_WARN_COMMA = YES;
				CLANG_WARN_CONSTANT_CONVERSION = YES;
				CLANG_WARN_DEPRECATED_OBJC_IMPLEMENTATIONS = YES;
				CLANG_WARN_DIRECT_OBJC_ISA_USAGE = YES_ERROR;
				CLANG_WARN_DOCUMENTATION_COMMENTS = YES;
				CLANG_WARN_EMPTY_BODY = YES;
				CLANG_WARN_ENUM_CONVERSION = YES;
				CLANG_WARN_INFINITE_RECURSION = YES;
				CLANG_WARN_INT_CONVERSION = YES;
				CLANG_WARN_NON_LITERAL_NULL_CONVERSION = YES;
				CLANG_WARN_OBJC_IMPLICIT_RETAIN_SELF = YES;
				CLANG_WARN_OBJC_LITERAL_CONVERSION = YES;
				CLANG_WARN_OBJC_ROOT_CLASS = YES_ERROR;
				CLANG_WARN_QUOTED_INCLUDE_IN_FRAMEWORK_HEADER = YES;
				CLANG_WARN_RANGE_LOOP_ANALYSIS = YES;
				CLANG_WARN_STRICT_PROTOTYPES = YES;
				CLANG_WARN_SUSPICIOUS_MOVE = YES;
				CLANG_WARN_UNGUARDED_AVAILABILITY = YES_AGGRESSIVE;
				CLANG_WARN_UNREACHABLE_CODE = YES;
				CLANG_WARN__DUPLICATE_METHOD_MATCH = YES;
				COPY_PHASE_STRIP = NO;
				DEBUG_INFORMATION_FORMAT = "dwarf-with-dsym";
				ENABLE_NS_ASSERTIONS = NO;
				ENABLE_STRICT_OBJC_MSGSEND = YES;
				ENABLE_USER_SCRIPT_SANDBOXING = YES;
				GCC_C_LANGUAGE_STANDARD = gnu17;
				GCC_NO_COMMON_BLOCKS = YES;
				GCC_WARN_64_TO_32_BIT_CONVERSION = YES;
				GCC_WARN_ABOUT_RETURN_TYPE = YES_ERROR;
				GCC_WARN_UNDECLARED_SELECTOR = YES;
				GCC_WARN_UNINITIALIZED_AUTOS = YES_AGGRESSIVE;
				GCC_WARN_UNUSED_FUNCTION = YES;
				GCC_WARN_UNUSED_VARIABLE = YES;
				IPHONEOS_DEPLOYMENT_TARGET = 18.2;
				LOCALIZATION_PREFERS_STRING_CATALOGS = YES;
				MTL_ENABLE_DEBUG_INFO = NO;
				MTL_FAST_MATH = YES;
				SDKROOT = iphoneos;
				SWIFT_COMPILATION_MODE = wholemodule;
				VALIDATE_PRODUCT = YES;
			};
			name = Release;
		};
		A27642232D10A34B00839B5A /* Debug */ = {
			isa = XCBuildConfiguration;
			baseConfigurationReference = EFDBCC074C1DF431DF2D58C7 /* Pods-DayTrackTests.debug.xcconfig */;
			buildSettings = {
				BUNDLE_LOADER = "$(TEST_HOST)";
				CODE_SIGN_STYLE = Automatic;
				CURRENT_PROJECT_VERSION = 1;
				DEVELOPMENT_TEAM = A32VY273J6;
				GENERATE_INFOPLIST_FILE = YES;
				IPHONEOS_DEPLOYMENT_TARGET = 18.2;
				MARKETING_VERSION = 1.0;
				PRODUCT_BUNDLE_IDENTIFIER = com.markraitman.DayTrackTests;
				PRODUCT_NAME = "$(TARGET_NAME)";
				SWIFT_EMIT_LOC_STRINGS = NO;
				SWIFT_VERSION = 5.0;
				TARGETED_DEVICE_FAMILY = "1,2";
				TEST_HOST = "$(BUILT_PRODUCTS_DIR)/DayTrack.app/$(BUNDLE_EXECUTABLE_FOLDER_PATH)/DayTrack";
			};
			name = Debug;
		};
		A27642242D10A34B00839B5A /* Release */ = {
			isa = XCBuildConfiguration;
			baseConfigurationReference = 8B0F8482B8EACEB75E9DBE3E /* Pods-DayTrackTests.release.xcconfig */;
			buildSettings = {
				BUNDLE_LOADER = "$(TEST_HOST)";
				CODE_SIGN_STYLE = Automatic;
				CURRENT_PROJECT_VERSION = 1;
				DEVELOPMENT_TEAM = A32VY273J6;
				GENERATE_INFOPLIST_FILE = YES;
				IPHONEOS_DEPLOYMENT_TARGET = 18.2;
				MARKETING_VERSION = 1.0;
				PRODUCT_BUNDLE_IDENTIFIER = com.markraitman.DayTrackTests;
				PRODUCT_NAME = "$(TARGET_NAME)";
				SWIFT_EMIT_LOC_STRINGS = NO;
				SWIFT_VERSION = 5.0;
				TARGETED_DEVICE_FAMILY = "1,2";
				TEST_HOST = "$(BUILT_PRODUCTS_DIR)/DayTrack.app/$(BUNDLE_EXECUTABLE_FOLDER_PATH)/DayTrack";
			};
			name = Release;
		};
		A27642262D10A34B00839B5A /* Debug */ = {
			isa = XCBuildConfiguration;
			baseConfigurationReference = ABB29182B97BE649FDA6082F /* Pods-DayTrack-DayTrackUITests.debug.xcconfig */;
			buildSettings = {
				CODE_SIGN_STYLE = Automatic;
				CURRENT_PROJECT_VERSION = 1;
				DEVELOPMENT_TEAM = A32VY273J6;
				GENERATE_INFOPLIST_FILE = YES;
				MARKETING_VERSION = 1.0;
				PRODUCT_BUNDLE_IDENTIFIER = com.markraitman.DayTrackUITests;
				PRODUCT_NAME = "$(TARGET_NAME)";
				SWIFT_EMIT_LOC_STRINGS = NO;
				SWIFT_VERSION = 5.0;
				TARGETED_DEVICE_FAMILY = "1,2";
				TEST_TARGET_NAME = DayTrack;
			};
			name = Debug;
		};
		A27642272D10A34B00839B5A /* Release */ = {
			isa = XCBuildConfiguration;
			baseConfigurationReference = CE22C8D33D2BDC92298B8915 /* Pods-DayTrack-DayTrackUITests.release.xcconfig */;
			buildSettings = {
				CODE_SIGN_STYLE = Automatic;
				CURRENT_PROJECT_VERSION = 1;
				DEVELOPMENT_TEAM = A32VY273J6;
				GENERATE_INFOPLIST_FILE = YES;
				MARKETING_VERSION = 1.0;
				PRODUCT_BUNDLE_IDENTIFIER = com.markraitman.DayTrackUITests;
				PRODUCT_NAME = "$(TARGET_NAME)";
				SWIFT_EMIT_LOC_STRINGS = NO;
				SWIFT_VERSION = 5.0;
				TARGETED_DEVICE_FAMILY = "1,2";
				TEST_TARGET_NAME = DayTrack;
			};
			name = Release;
		};
/* End XCBuildConfiguration section */

/* Begin XCConfigurationList section */
		A27641EF2D10A34900839B5A /* Build configuration list for PBXProject "DayTrack" */ = {
			isa = XCConfigurationList;
			buildConfigurations = (
				A27642202D10A34B00839B5A /* Debug */,
				A27642212D10A34B00839B5A /* Release */,
			);
			defaultConfigurationIsVisible = 0;
			defaultConfigurationName = Release;
		};
		A276421D2D10A34B00839B5A /* Build configuration list for PBXNativeTarget "DayTrack" */ = {
			isa = XCConfigurationList;
			buildConfigurations = (
				A276421E2D10A34B00839B5A /* Debug */,
				A276421F2D10A34B00839B5A /* Release */,
			);
			defaultConfigurationIsVisible = 0;
			defaultConfigurationName = Release;
		};
		A27642222D10A34B00839B5A /* Build configuration list for PBXNativeTarget "DayTrackTests" */ = {
			isa = XCConfigurationList;
			buildConfigurations = (
				A27642232D10A34B00839B5A /* Debug */,
				A27642242D10A34B00839B5A /* Release */,
			);
			defaultConfigurationIsVisible = 0;
			defaultConfigurationName = Release;
		};
		A27642252D10A34B00839B5A /* Build configuration list for PBXNativeTarget "DayTrackUITests" */ = {
			isa = XCConfigurationList;
			buildConfigurations = (
				A27642262D10A34B00839B5A /* Debug */,
				A27642272D10A34B00839B5A /* Release */,
			);
			defaultConfigurationIsVisible = 0;
			defaultConfigurationName = Release;
		};
/* End XCConfigurationList section */

/* Begin XCRemoteSwiftPackageReference section */
		A229F07E2D15880700302C65 /* XCRemoteSwiftPackageReference "CalendarKit" */ = {
			isa = XCRemoteSwiftPackageReference;
			repositoryURL = "https://github.com/richardtop/CalendarKit.git";
			requirement = {
				kind = upToNextMajorVersion;
				minimumVersion = 1.1.11;
			};
		};
/* End XCRemoteSwiftPackageReference section */

/* Begin XCSwiftPackageProductDependency section */
		A229F07F2D15890C00302C65 /* CalendarKit */ = {
			isa = XCSwiftPackageProductDependency;
			package = A229F07E2D15880700302C65 /* XCRemoteSwiftPackageReference "CalendarKit" */;
			productName = CalendarKit;
		};
/* End XCSwiftPackageProductDependency section */
	};
	rootObject = A27641EC2D10A34900839B5A /* Project object */;
}
